PODS:
  - Expecta (0.3.1)
  - Expecta+Snapshots (1.3.1):
    - Expecta
    - FBSnapshotTestCase
  - FBSnapshotTestCase (1.4)
  - Specta (0.2.1)
  - UCTransitWidgets (0.1.0)

DEPENDENCIES:
  - Expecta
  - Expecta+Snapshots
  - FBSnapshotTestCase
  - Specta (~> 0.2.1)
  - UCTransitWidgets (from `../`)

EXTERNAL SOURCES:
  UCTransitWidgets:
    :path: ../

SPEC CHECKSUMS:
  Expecta: a354d4633409dd9fe8c4f5ff5130426adbe31628
  Expecta+Snapshots: 4a0b46d3ba755bd43dffa7d53e4585fc6cbfe8cd
  FBSnapshotTestCase: 892508495a69e8703bab36c9da7674ff740d41db
  Specta: 15a276a6343867b426d5ed135d5aa4d04123a573
  UCTransitWidgets: 279bf87c98c18e7a98f5ddce853a3e7f458b2669

COCOAPODS: 0.36.3
