PODS:
  - Expecta (1.0.2)
  - Expecta+Snapshots (1.3.4):
    - Expecta (~> 1.0)
    - FBSnapshotTestCase (~> 1.8)
  - FBSnapshotTestCase (1.8)
  - Specta (1.0.3)
  - UCTransitWidgets (0.1.1)

DEPENDENCIES:
  - Expecta (~> 1.0.2)
  - Expecta+Snapshots (= 1.3.4)
  - FBSnapshotTestCase (= 1.8)
  - Specta (~> 1.0.2)
  - UCTransitWidgets (from `../`)

EXTERNAL SOURCES:
  UCTransitWidgets:
    :path: ../

SPEC CHECKSUMS:
  Expecta: 54e8a3530add08f4f0208c111355eda7cde74a53
  Expecta+Snapshots: ca15bfb57e7a0f78f86c7699c2c54ffacfa4ad2a
  FBSnapshotTestCase: 05065a47e7acc9c919315648ca39fb614f29ebd4
  Specta: cf3e4188cf35375c3ee2cd03f8db8f1f4ef98234
  UCTransitWidgets: 774305a69c8aae06795c4a2d24e2406ee5184550

COCOAPODS: 0.38.2
